
Microsoft Visual Studio Solution File, Format Version 12.00
# Visual Studio Version 17
VisualStudioVersion = 17.14.36717.8 d17.14
MinimumVisualStudioVersion = 10.0.40219.1
Project("{FAE04EC0-301F-11D3-BF4B-00C04F79EFBC}") = "RestoranYonetim", "RestoranYonetim\RestoranYonetim.csproj", "{4A969448-C8AC-4772-8C4D-7EB6C17D6468}"
EndProject
Global
	GlobalSection(SolutionConfigurationPlatforms) = preSolution
		Debug|Any CPU = Debug|Any CPU
		Release|Any CPU = Release|Any CPU
	EndGlobalSection
	GlobalSection(ProjectConfigurationPlatforms) = postSolution
		{4A969448-C8AC-4772-8C4D-7EB6C17D6468}.Debug|Any CPU.ActiveCfg = Debug|Any CPU
		{4A969448-C8AC-4772-8C4D-7EB6C17D6468}.Debug|Any CPU.Build.0 = Debug|Any CPU
		{4A969448-C8AC-4772-8C4D-7EB6C17D6468}.Release|Any CPU.ActiveCfg = Release|Any CPU
		{4A969448-C8AC-4772-8C4D-7EB6C17D6468}.Release|Any CPU.Build.0 = Release|Any CPU
	EndGlobalSection
	GlobalSection(SolutionProperties) = preSolution
		HideSolutionNode = FALSE
	EndGlobalSection
	GlobalSection(ExtensibilityGlobals) = postSolution
		SolutionGuid = {356D546C-B6D1-4009-8915-AC98683040F1}
	EndGlobalSection
EndGlobal
